
Microsoft Visual Studio Solution File, Format Version 12.00
# Visual Studio 2012
Project("{2150E333-8FDC-42A3-9474-1A3956D46DE8}") = "BusinessEntities", "BusinessEntities", "{FF114F31-C268-443B-B306-34968D4EA68F}"
EndProject
Project("{2150E333-8FDC-42A3-9474-1A3956D46DE8}") = "Dalcs", "Dalcs", "{0EAAC4A5-11FB-41ED-B145-7ED245E1B091}"
EndProject
Project("{2150E333-8FDC-42A3-9474-1A3956D46DE8}") = "Mappers", "Mappers", "{63294EFD-4D57-4655-AEAA-A0EC7EB5FFED}"
EndProject
Project("{2150E333-8FDC-42A3-9474-1A3956D46DE8}") = "BusinessLogic", "BusinessLogic", "{178AF9B5-659C-408A-86DF-954C654DE74B}"
EndProject
Project("{2150E333-8FDC-42A3-9474-1A3956D46DE8}") = "Facades", "Facades", "{7CED9F15-F5B4-4448-818D-AA7296ECF36F}"
EndProject
Project("{2150E333-8FDC-42A3-9474-1A3956D46DE8}") = "WebServices", "WebServices", "{208036B1-2CDF-4D44-BABC-8178F3B1A319}"
EndProject
Project("{2150E333-8FDC-42A3-9474-1A3956D46DE8}") = "ServiceAgents", "ServiceAgents", "{8D2F0532-8151-4482-97C8-641696ACB730}"
EndProject
Project("{2150E333-8FDC-42A3-9474-1A3956D46DE8}") = "WorkFlow", "WorkFlow", "{43D69F4D-037A-45BC-A056-AF885EF2B3D8}"
EndProject
Project("{FAE04EC0-301F-11D3-BF4B-00C04F79EFBC}") = "Bull.PRES.Poderes.BusinessEntities", "BusinessEntities\Bull.PRES.Poderes.BusinessEntities.csproj", "{EE3C76DE-ADB8-4736-8CB3-7B4FD8B8BD96}"
EndProject
Project("{FAE04EC0-301F-11D3-BF4B-00C04F79EFBC}") = "Bull.PRES.Poderes.Dalcs.DbApoderados", "Dalcs\DbApoderados\Bull.PRES.Poderes.Dalcs.DbApoderados.csproj", "{FF52C4DE-6EC1-4F37-8735-EF45F1421CD4}"
EndProject
Project("{FAE04EC0-301F-11D3-BF4B-00C04F79EFBC}") = "Bull.PRES.Poderes.Dalcs.DbAutCobroAFAM", "Dalcs\DbAutCobroAFAM\Bull.PRES.Poderes.Dalcs.DbAutCobroAFAM.csproj", "{8063DF1D-1C4F-4239-AE5A-DFFF3A82147F}"
EndProject
Project("{FAE04EC0-301F-11D3-BF4B-00C04F79EFBC}") = "Bull.PRES.Poderes.Dalcs.DbInstBeneficiarios", "Dalcs\DbInstBeneficiarios\Bull.PRES.Poderes.Dalcs.DbInstBeneficiarios.csproj", "{225DA93E-1324-4FC3-BA04-AD7A01CBB4A6}"
EndProject
Project("{FAE04EC0-301F-11D3-BF4B-00C04F79EFBC}") = "Bull.PRES.Poderes.Mappers.MapPoderes", "Mappers\MapPoderes\Bull.PRES.Poderes.Mappers.MapPoderes.csproj", "{22CFCE15-C9F8-4016-8A79-50E92E2E21F7}"
EndProject
Project("{FAE04EC0-301F-11D3-BF4B-00C04F79EFBC}") = "Bull.PRES.Poderes.BusinessLogic.AdmPoderes", "BusinessLogic\AdmPoderes\Bull.PRES.Poderes.BusinessLogic.AdmPoderes.csproj", "{9B878BF9-CB97-4B2E-8F77-2B9F938CF60A}"
EndProject
Project("{FAE04EC0-301F-11D3-BF4B-00C04F79EFBC}") = "Bull.PRES.Poderes.Facades", "Facades\Facade\Bull.PRES.Poderes.Facades.csproj", "{625E1FD2-07E8-4AFE-A9E3-BAAF645C83A3}"
EndProject
Project("{E24C65DC-7377-472B-9ABA-BC803B73C61A}") = "WebServices", "WebServices", "{2F3DA424-3BEC-41CF-BC41-1809710FFE94}"
	ProjectSection(WebsiteProperties) = preProject
		SccProjectName = "SAK"
		SccAuxPath = "SAK"
		SccLocalPath = "SAK"
		SccProvider = "SAK"
		TargetFrameworkMoniker = ".NETFramework,Version%3Dv3.5"
		ProjectReferences = "{625E1FD2-07E8-4AFE-A9E3-BAAF645C83A3}|Bull.PRES.Poderes.Facades.dll;{EE3C76DE-ADB8-4736-8CB3-7B4FD8B8BD96}|Bull.PRES.Poderes.BusinessEntities.dll;{9B878BF9-CB97-4B2E-8F77-2B9F938CF60A}|Bull.PRES.Poderes.BusinessLogic.AdmPoderes.dll;{22CFCE15-C9F8-4016-8A79-50E92E2E21F7}|Bull.PRES.Poderes.Mappers.MapPoderes.dll;{FF52C4DE-6EC1-4F37-8735-EF45F1421CD4}|Bull.PRES.Poderes.Dalcs.DbApoderados.dll;{8063DF1D-1C4F-4239-AE5A-DFFF3A82147F}|Bull.PRES.Poderes.Dalcs.DbAutCobroAFAM.dll;{E3B9DBA9-FE2A-475F-A69D-51A4E346DA43}|Bull.PRES.Poderes.Dalcs.DbComunes.dll;{225DA93E-1324-4FC3-BA04-AD7A01CBB4A6}|Bull.PRES.Poderes.Dalcs.DbInstBeneficiarios.dll;{1597A548-A2AD-4226-A9A1-91EC0F0EFACA}|Bull.PRES.Poderes.ServiceAgents.SAPoderes.dll;{DC873D0F-52C4-4335-8D2A-A5C4F4EF4CBC}|Bull.PRES.Poderes.ServiceAgents.SAFuncionarios.dll;{10DCF48C-ECE8-402D-B02F-F03E6C285117}|Bull.PRES.Poderes.BusinessLogic.AdmGestionPoderes.dll;{5FD9E5BE-9FFA-48DE-A849-EF0343A288D1}|Bull.PRES.Poderes.Mappers.MapErroresNegocio.dll;{A8F1EECC-A068-46A7-9066-BEE2B6C50C34}|Bull.PRES.Poderes.Dalcs.DbErroresNegocio.dll;{5D4DA0F4-4D7B-4D98-AD84-D61E723A9618}|Bull.PRES.Poderes.Adapters.Vb6.dll;{B391A3F1-7341-4982-818C-C7380EF7AE2F}|Bull.PRES.Poderes.Mappers.MapParametrosGral.dll;{CE5CE645-B0CE-463D-8574-041F4BC2FD6C}|Bull.PRES.Poderes.Dalcs.DbParametrosGral.dll;{79485D57-FA01-4A03-AAE1-28C48E9EB402}|Bull.PRES.Poderes.BusinessLogic.AdmApoderados.dll;{719FB36B-A472-4D5C-97D4-804AE9063732}|Bull.PRES.Poderes.Mappers.MapApoderados.dll;"
		Debug.AspNetCompiler.VirtualPath = "/WebServices"
		Debug.AspNetCompiler.PhysicalPath = "WebServices\"
		Debug.AspNetCompiler.TargetPath = "PrecompiledWeb\WebServices\"
		Debug.AspNetCompiler.Updateable = "true"
		Debug.AspNetCompiler.ForceOverwrite = "true"
		Debug.AspNetCompiler.FixedNames = "false"
		Debug.AspNetCompiler.Debug = "True"
		Release.AspNetCompiler.VirtualPath = "/WebServices"
		Release.AspNetCompiler.PhysicalPath = "WebServices\"
		Release.AspNetCompiler.TargetPath = "PrecompiledWeb\WebServices\"
		Release.AspNetCompiler.Updateable = "true"
		Release.AspNetCompiler.ForceOverwrite = "true"
		Release.AspNetCompiler.FixedNames = "false"
		Release.AspNetCompiler.Debug = "False"
		VWDPort = "54201"
		DefaultWebSiteLanguage = "Visual C#"
	EndProjectSection
EndProject
Project("{FAE04EC0-301F-11D3-BF4B-00C04F79EFBC}") = "Bull.PRES.Poderes.ServiceAgents.SAPoderes", "ServiceAgents\SAPoderes\Bull.PRES.Poderes.ServiceAgents.SAPoderes.csproj", "{1597A548-A2AD-4226-A9A1-91EC0F0EFACA}"
EndProject
Project("{FAE04EC0-301F-11D3-BF4B-00C04F79EFBC}") = "Bull.PRES.Poderes.ServiceAgents.SAFuncionarios", "ServiceAgents\SAFuncionarios\Bull.PRES.Poderes.ServiceAgents.SAFuncionarios.csproj", "{DC873D0F-52C4-4335-8D2A-A5C4F4EF4CBC}"
EndProject
Project("{FAE04EC0-301F-11D3-BF4B-00C04F79EFBC}") = "zTest - [Pasivos]1", "zTest - [Pasivos]1\zTest - [Pasivos]1.csproj", "{10960BB2-48D8-490C-834A-C0BA99411C9B}"
EndProject
Project("{FAE04EC0-301F-11D3-BF4B-00C04F79EFBC}") = "zTest - [Pasivos]2", "zTest - [Pasivos]2\zTest - [Pasivos]2.csproj", "{F7F28867-5692-4371-9D45-B6D67DD91723}"
EndProject
Project("{FAE04EC0-301F-11D3-BF4B-00C04F79EFBC}") = "Bull.PRES.Poderes.Dalcs.DbParametrosGral", "Dalcs\DbParametrosGral\Bull.PRES.Poderes.Dalcs.DbParametrosGral.csproj", "{CE5CE645-B0CE-463D-8574-041F4BC2FD6C}"
EndProject
Project("{FAE04EC0-301F-11D3-BF4B-00C04F79EFBC}") = "Bull.PRES.Poderes.Mappers.MapParametrosGral", "Mappers\MapParametrosGral\Bull.PRES.Poderes.Mappers.MapParametrosGral.csproj", "{B391A3F1-7341-4982-818C-C7380EF7AE2F}"
EndProject
Project("{2150E333-8FDC-42A3-9474-1A3956D46DE8}") = "Adapters", "Adapters", "{82AC68AE-0B51-4D99-9D5B-F7F4B0B78D1E}"
EndProject
Project("{FAE04EC0-301F-11D3-BF4B-00C04F79EFBC}") = "Bull.PRES.Poderes.Adapters.DotNet", "Adapters\DotNet\Bull.PRES.Poderes.Adapters.DotNet.csproj", "{4BDF0046-3176-450C-8CD5-A8EB42E8C39F}"
EndProject
Project("{FAE04EC0-301F-11D3-BF4B-00C04F79EFBC}") = "Bull.PRES.Poderes.BusinessLogic.AdmGestionPoderes", "BusinessLogic\AdmGestionPoderes\Bull.PRES.Poderes.BusinessLogic.AdmGestionPoderes.csproj", "{10DCF48C-ECE8-402D-B02F-F03E6C285117}"
EndProject
Project("{FAE04EC0-301F-11D3-BF4B-00C04F79EFBC}") = "Bull.PRES.Poderes.Mappers.MapErroresNegocio", "Mappers\MapErroresNegocio\Bull.PRES.Poderes.Mappers.MapErroresNegocio.csproj", "{5FD9E5BE-9FFA-48DE-A849-EF0343A288D1}"
EndProject
Project("{FAE04EC0-301F-11D3-BF4B-00C04F79EFBC}") = "Bull.PRES.Poderes.Dalcs.DbErroresNegocio", "Dalcs\DbErroresNegocio\Bull.PRES.Poderes.Dalcs.DbErroresNegocio.csproj", "{A8F1EECC-A068-46A7-9066-BEE2B6C50C34}"
EndProject
Project("{FAE04EC0-301F-11D3-BF4B-00C04F79EFBC}") = "Bull.PRES.Poderes.Adapters.Vb6", "Adapters\Vb6\Bull.PRES.Poderes.Adapters.Vb6.csproj", "{5D4DA0F4-4D7B-4D98-AD84-D61E723A9618}"
EndProject
Project("{FAE04EC0-301F-11D3-BF4B-00C04F79EFBC}") = "Bull.PRES.Poderes.Mappers.MapApoderados", "Mappers\MapApoderados\Bull.PRES.Poderes.Mappers.MapApoderados.csproj", "{719FB36B-A472-4D5C-97D4-804AE9063732}"
EndProject
Project("{FAE04EC0-301F-11D3-BF4B-00C04F79EFBC}") = "Bull.PRES.Poderes.BusinessLogic.AdmApoderados", "BusinessLogic\AdmApoderados\Bull.PRES.Poderes.BusinessLogic.AdmApoderados.csproj", "{79485D57-FA01-4A03-AAE1-28C48E9EB402}"
EndProject
Global
	GlobalSection(TeamFoundationVersionControl) = preSolution
		SccNumberOfProjects = 22
		SccEnterpriseProvider = {4CA58AB2-18FA-4F8D-95D4-32DDF27D184C}
		SccTeamFoundationServer = http://bulltfs01:8080/tfs/bpscollection
		SccLocalPath0 = .
		SccProjectUniqueName1 = BusinessEntities\\Bull.PRES.Poderes.BusinessEntities.csproj
		SccProjectTopLevelParentUniqueName1 = Bull.PRES.Poderes_Sln.sln
		SccLocalPath1 = .
		SccProjectFilePathRelativizedFromConnection1 = BusinessEntities\\
		SccProjectUniqueName2 = Dalcs\\DbApoderados\\Bull.PRES.Poderes.Dalcs.DbApoderados.csproj
		SccProjectTopLevelParentUniqueName2 = Bull.PRES.Poderes_Sln.sln
		SccLocalPath2 = .
		SccProjectFilePathRelativizedFromConnection2 = Dalcs\\DbApoderados\\
		SccProjectUniqueName3 = Dalcs\\DbAutCobroAFAM\\Bull.PRES.Poderes.Dalcs.DbAutCobroAFAM.csproj
		SccProjectTopLevelParentUniqueName3 = Bull.PRES.Poderes_Sln.sln
		SccLocalPath3 = .
		SccProjectFilePathRelativizedFromConnection3 = Dalcs\\DbAutCobroAFAM\\
		SccProjectUniqueName4 = Dalcs\\DbInstBeneficiarios\\Bull.PRES.Poderes.Dalcs.DbInstBeneficiarios.csproj
		SccProjectTopLevelParentUniqueName4 = Bull.PRES.Poderes_Sln.sln
		SccLocalPath4 = .
		SccProjectFilePathRelativizedFromConnection4 = Dalcs\\DbInstBeneficiarios\\
		SccProjectUniqueName5 = Mappers\\MapPoderes\\Bull.PRES.Poderes.Mappers.MapPoderes.csproj
		SccProjectTopLevelParentUniqueName5 = Bull.PRES.Poderes_Sln.sln
		SccLocalPath5 = .
		SccProjectFilePathRelativizedFromConnection5 = Mappers\\MapPoderes\\
		SccProjectUniqueName6 = BusinessLogic\\AdmPoderes\\Bull.PRES.Poderes.BusinessLogic.AdmPoderes.csproj
		SccProjectTopLevelParentUniqueName6 = Bull.PRES.Poderes_Sln.sln
		SccLocalPath6 = .
		SccProjectFilePathRelativizedFromConnection6 = BusinessLogic\\AdmPoderes\\
		SccProjectUniqueName7 = Facades\\Facade\\Bull.PRES.Poderes.Facades.csproj
		SccProjectTopLevelParentUniqueName7 = Bull.PRES.Poderes_Sln.sln
		SccLocalPath7 = .
		SccProjectFilePathRelativizedFromConnection7 = Facades\\Facade\\
		SccProjectUniqueName8 = ServiceAgents\\SAPoderes\\Bull.PRES.Poderes.ServiceAgents.SAPoderes.csproj
		SccProjectTopLevelParentUniqueName8 = Bull.PRES.Poderes_Sln.sln
		SccLocalPath8 = .
		SccProjectFilePathRelativizedFromConnection8 = ServiceAgents\\SAPoderes\\
		SccProjectUniqueName9 = ServiceAgents\\SAFuncionarios\\Bull.PRES.Poderes.ServiceAgents.SAFuncionarios.csproj
		SccProjectTopLevelParentUniqueName9 = Bull.PRES.Poderes_Sln.sln
		SccProjectName9 = ServiceAgents/SAFuncionarios
		SccLocalPath9 = ServiceAgents\\SAFuncionarios
		SccProjectUniqueName10 = zTest\u0020-\u0020[Pasivos]1\\zTest\u0020-\u0020[Pasivos]1.csproj
		SccProjectTopLevelParentUniqueName10 = Bull.PRES.Poderes_Sln.sln
		SccProjectName10 = zTest\u0020-\u0020[Pasivos]1
		SccLocalPath10 = zTest\u0020-\u0020[Pasivos]1
		SccProjectUniqueName11 = zTest\u0020-\u0020[Pasivos]2\\zTest\u0020-\u0020[Pasivos]2.csproj
		SccProjectName11 = zTest\u0020-\u0020[Pasivos]2
		SccLocalPath11 = zTest\u0020-\u0020[Pasivos]2
		SccProjectUniqueName12 = Dalcs\\DbParametrosGral\\Bull.PRES.Poderes.Dalcs.DbParametrosGral.csproj
		SccProjectTopLevelParentUniqueName12 = Bull.PRES.Poderes_Sln.sln
		SccProjectName12 = Dalcs/DbParametrosGral
		SccLocalPath12 = Dalcs\\DbParametrosGral
		SccProjectUniqueName13 = Mappers\\MapParametrosGral\\Bull.PRES.Poderes.Mappers.MapParametrosGral.csproj
		SccProjectTopLevelParentUniqueName13 = Bull.PRES.Poderes_Sln.sln
		SccProjectName13 = Mappers/MapParametrosGral
		SccLocalPath13 = Mappers\\MapParametrosGral
		SccProjectUniqueName14 = Adapters\\DotNet\\Bull.PRES.Poderes.Adapters.DotNet.csproj
		SccProjectTopLevelParentUniqueName14 = Bull.PRES.Poderes_Sln.sln
		SccProjectName14 = Adapters/DotNet
		SccLocalPath14 = Adapters\\DotNet
		SccWebProject15 = true
		SccProjectUniqueName15 = WebServices
		SccProjectTopLevelParentUniqueName15 = Bull.PRES.Poderes_Sln.sln
		SccLocalPath15 = .
		SccProjectFilePathRelativizedFromConnection15 = WebServices\\
		SccProjectEnlistmentChoice15 = 2
		SccProjectUniqueName16 = BusinessLogic\\AdmGestionPoderes\\Bull.PRES.Poderes.BusinessLogic.AdmGestionPoderes.csproj
		SccProjectTopLevelParentUniqueName16 = Bull.PRES.Poderes_Sln.sln
		SccProjectName16 = BusinessLogic/AdmGestionPoderes
		SccLocalPath16 = BusinessLogic\\AdmGestionPoderes
		SccProjectUniqueName17 = Mappers\\MapErroresNegocio\\Bull.PRES.Poderes.Mappers.MapErroresNegocio.csproj
		SccProjectTopLevelParentUniqueName17 = Bull.PRES.Poderes_Sln.sln
		SccProjectName17 = Mappers/MapErroresNegocio
		SccLocalPath17 = Mappers\\MapErroresNegocio
		SccProjectUniqueName18 = Dalcs\\DbErroresNegocio\\Bull.PRES.Poderes.Dalcs.DbErroresNegocio.csproj
		SccProjectTopLevelParentUniqueName18 = Bull.PRES.Poderes_Sln.sln
		SccProjectName18 = Dalcs/DbErroresNegocio
		SccLocalPath18 = Dalcs\\DbErroresNegocio
		SccProjectUniqueName19 = Adapters\\Vb6\\Bull.PRES.Poderes.Adapters.Vb6.csproj
		SccProjectTopLevelParentUniqueName19 = Bull.PRES.Poderes_Sln.sln
		SccProjectName19 = Adapters/Vb6
		SccLocalPath19 = Adapters\\Vb6
		SccProjectUniqueName20 = Mappers\\MapApoderados\\Bull.PRES.Poderes.Mappers.MapApoderados.csproj
		SccProjectTopLevelParentUniqueName20 = Bull.PRES.Poderes_Sln.sln
		SccProjectName20 = Mappers/MapApoderados
		SccLocalPath20 = Mappers\\MapApoderados
		SccProjectUniqueName21 = BusinessLogic\\AdmApoderados\\Bull.PRES.Poderes.BusinessLogic.AdmApoderados.csproj
		SccProjectTopLevelParentUniqueName21 = Bull.PRES.Poderes_Sln.sln
		SccProjectName21 = BusinessLogic/AdmApoderados
		SccLocalPath21 = BusinessLogic\\AdmApoderados
	EndGlobalSection
	GlobalSection(SolutionConfigurationPlatforms) = preSolution
		Debug|.NET = Debug|.NET
		Debug|Any CPU = Debug|Any CPU
		Debug|Mixed Platforms = Debug|Mixed Platforms
		Debug|x86 = Debug|x86
		Release|.NET = Release|.NET
		Release|Any CPU = Release|Any CPU
		Release|Mixed Platforms = Release|Mixed Platforms
		Release|x86 = Release|x86
	EndGlobalSection
	GlobalSection(ProjectConfigurationPlatforms) = postSolution
		{EE3C76DE-ADB8-4736-8CB3-7B4FD8B8BD96}.Debug|.NET.ActiveCfg = Debug|Any CPU
		{EE3C76DE-ADB8-4736-8CB3-7B4FD8B8BD96}.Debug|Any CPU.ActiveCfg = Debug|Any CPU
		{EE3C76DE-ADB8-4736-8CB3-7B4FD8B8BD96}.Debug|Any CPU.Build.0 = Debug|Any CPU
		{EE3C76DE-ADB8-4736-8CB3-7B4FD8B8BD96}.Debug|Mixed Platforms.ActiveCfg = Debug|Any CPU
		{EE3C76DE-ADB8-4736-8CB3-7B4FD8B8BD96}.Debug|x86.ActiveCfg = Debug|Any CPU
		{EE3C76DE-ADB8-4736-8CB3-7B4FD8B8BD96}.Release|.NET.ActiveCfg = Release|Any CPU
		{EE3C76DE-ADB8-4736-8CB3-7B4FD8B8BD96}.Release|Any CPU.ActiveCfg = Release|Any CPU
		{EE3C76DE-ADB8-4736-8CB3-7B4FD8B8BD96}.Release|Any CPU.Build.0 = Release|Any CPU
		{EE3C76DE-ADB8-4736-8CB3-7B4FD8B8BD96}.Release|Mixed Platforms.ActiveCfg = Release|Any CPU
		{EE3C76DE-ADB8-4736-8CB3-7B4FD8B8BD96}.Release|Mixed Platforms.Build.0 = Release|Any CPU
		{EE3C76DE-ADB8-4736-8CB3-7B4FD8B8BD96}.Release|x86.ActiveCfg = Release|Any CPU
		{FF52C4DE-6EC1-4F37-8735-EF45F1421CD4}.Debug|.NET.ActiveCfg = Debug|Any CPU
		{FF52C4DE-6EC1-4F37-8735-EF45F1421CD4}.Debug|Any CPU.ActiveCfg = Debug|Any CPU
		{FF52C4DE-6EC1-4F37-8735-EF45F1421CD4}.Debug|Any CPU.Build.0 = Debug|Any CPU
		{FF52C4DE-6EC1-4F37-8735-EF45F1421CD4}.Debug|Mixed Platforms.ActiveCfg = Debug|Any CPU
		{FF52C4DE-6EC1-4F37-8735-EF45F1421CD4}.Debug|x86.ActiveCfg = Debug|Any CPU
		{FF52C4DE-6EC1-4F37-8735-EF45F1421CD4}.Release|.NET.ActiveCfg = Release|Any CPU
		{FF52C4DE-6EC1-4F37-8735-EF45F1421CD4}.Release|Any CPU.ActiveCfg = Release|Any CPU
		{FF52C4DE-6EC1-4F37-8735-EF45F1421CD4}.Release|Any CPU.Build.0 = Release|Any CPU
		{FF52C4DE-6EC1-4F37-8735-EF45F1421CD4}.Release|Mixed Platforms.ActiveCfg = Release|Any CPU
		{FF52C4DE-6EC1-4F37-8735-EF45F1421CD4}.Release|Mixed Platforms.Build.0 = Release|Any CPU
		{FF52C4DE-6EC1-4F37-8735-EF45F1421CD4}.Release|x86.ActiveCfg = Release|Any CPU
		{8063DF1D-1C4F-4239-AE5A-DFFF3A82147F}.Debug|.NET.ActiveCfg = Debug|Any CPU
		{8063DF1D-1C4F-4239-AE5A-DFFF3A82147F}.Debug|Any CPU.ActiveCfg = Debug|Any CPU
		{8063DF1D-1C4F-4239-AE5A-DFFF3A82147F}.Debug|Any CPU.Build.0 = Debug|Any CPU
		{8063DF1D-1C4F-4239-AE5A-DFFF3A82147F}.Debug|Mixed Platforms.ActiveCfg = Debug|Any CPU
		{8063DF1D-1C4F-4239-AE5A-DFFF3A82147F}.Debug|x86.ActiveCfg = Debug|Any CPU
		{8063DF1D-1C4F-4239-AE5A-DFFF3A82147F}.Release|.NET.ActiveCfg = Release|Any CPU
		{8063DF1D-1C4F-4239-AE5A-DFFF3A82147F}.Release|Any CPU.ActiveCfg = Release|Any CPU
		{8063DF1D-1C4F-4239-AE5A-DFFF3A82147F}.Release|Any CPU.Build.0 = Release|Any CPU
		{8063DF1D-1C4F-4239-AE5A-DFFF3A82147F}.Release|Mixed Platforms.ActiveCfg = Release|Any CPU
		{8063DF1D-1C4F-4239-AE5A-DFFF3A82147F}.Release|Mixed Platforms.Build.0 = Release|Any CPU
		{8063DF1D-1C4F-4239-AE5A-DFFF3A82147F}.Release|x86.ActiveCfg = Release|Any CPU
		{225DA93E-1324-4FC3-BA04-AD7A01CBB4A6}.Debug|.NET.ActiveCfg = Debug|Any CPU
		{225DA93E-1324-4FC3-BA04-AD7A01CBB4A6}.Debug|Any CPU.ActiveCfg = Debug|Any CPU
		{225DA93E-1324-4FC3-BA04-AD7A01CBB4A6}.Debug|Any CPU.Build.0 = Debug|Any CPU
		{225DA93E-1324-4FC3-BA04-AD7A01CBB4A6}.Debug|Mixed Platforms.ActiveCfg = Debug|Any CPU
		{225DA93E-1324-4FC3-BA04-AD7A01CBB4A6}.Debug|x86.ActiveCfg = Debug|Any CPU
		{225DA93E-1324-4FC3-BA04-AD7A01CBB4A6}.Release|.NET.ActiveCfg = Release|Any CPU
		{225DA93E-1324-4FC3-BA04-AD7A01CBB4A6}.Release|Any CPU.ActiveCfg = Release|Any CPU
		{225DA93E-1324-4FC3-BA04-AD7A01CBB4A6}.Release|Any CPU.Build.0 = Release|Any CPU
		{225DA93E-1324-4FC3-BA04-AD7A01CBB4A6}.Release|Mixed Platforms.ActiveCfg = Release|Any CPU
		{225DA93E-1324-4FC3-BA04-AD7A01CBB4A6}.Release|Mixed Platforms.Build.0 = Release|Any CPU
		{225DA93E-1324-4FC3-BA04-AD7A01CBB4A6}.Release|x86.ActiveCfg = Release|Any CPU
		{22CFCE15-C9F8-4016-8A79-50E92E2E21F7}.Debug|.NET.ActiveCfg = Debug|Any CPU
		{22CFCE15-C9F8-4016-8A79-50E92E2E21F7}.Debug|Any CPU.ActiveCfg = Debug|Any CPU
		{22CFCE15-C9F8-4016-8A79-50E92E2E21F7}.Debug|Any CPU.Build.0 = Debug|Any CPU
		{22CFCE15-C9F8-4016-8A79-50E92E2E21F7}.Debug|Mixed Platforms.ActiveCfg = Debug|Any CPU
		{22CFCE15-C9F8-4016-8A79-50E92E2E21F7}.Debug|x86.ActiveCfg = Debug|Any CPU
		{22CFCE15-C9F8-4016-8A79-50E92E2E21F7}.Release|.NET.ActiveCfg = Release|Any CPU
		{22CFCE15-C9F8-4016-8A79-50E92E2E21F7}.Release|Any CPU.ActiveCfg = Release|Any CPU
		{22CFCE15-C9F8-4016-8A79-50E92E2E21F7}.Release|Any CPU.Build.0 = Release|Any CPU
		{22CFCE15-C9F8-4016-8A79-50E92E2E21F7}.Release|Mixed Platforms.ActiveCfg = Release|Any CPU
		{22CFCE15-C9F8-4016-8A79-50E92E2E21F7}.Release|Mixed Platforms.Build.0 = Release|Any CPU
		{22CFCE15-C9F8-4016-8A79-50E92E2E21F7}.Release|x86.ActiveCfg = Release|Any CPU
		{9B878BF9-CB97-4B2E-8F77-2B9F938CF60A}.Debug|.NET.ActiveCfg = Debug|Any CPU
		{9B878BF9-CB97-4B2E-8F77-2B9F938CF60A}.Debug|Any CPU.ActiveCfg = Debug|Any CPU
		{9B878BF9-CB97-4B2E-8F77-2B9F938CF60A}.Debug|Any CPU.Build.0 = Debug|Any CPU
		{9B878BF9-CB97-4B2E-8F77-2B9F938CF60A}.Debug|Mixed Platforms.ActiveCfg = Debug|Any CPU
		{9B878BF9-CB97-4B2E-8F77-2B9F938CF60A}.Debug|x86.ActiveCfg = Debug|Any CPU
		{9B878BF9-CB97-4B2E-8F77-2B9F938CF60A}.Release|.NET.ActiveCfg = Release|Any CPU
		{9B878BF9-CB97-4B2E-8F77-2B9F938CF60A}.Release|Any CPU.ActiveCfg = Release|Any CPU
		{9B878BF9-CB97-4B2E-8F77-2B9F938CF60A}.Release|Any CPU.Build.0 = Release|Any CPU
		{9B878BF9-CB97-4B2E-8F77-2B9F938CF60A}.Release|Mixed Platforms.ActiveCfg = Release|Any CPU
		{9B878BF9-CB97-4B2E-8F77-2B9F938CF60A}.Release|Mixed Platforms.Build.0 = Release|Any CPU
		{9B878BF9-CB97-4B2E-8F77-2B9F938CF60A}.Release|x86.ActiveCfg = Release|Any CPU
		{625E1FD2-07E8-4AFE-A9E3-BAAF645C83A3}.Debug|.NET.ActiveCfg = Debug|Any CPU
		{625E1FD2-07E8-4AFE-A9E3-BAAF645C83A3}.Debug|Any CPU.ActiveCfg = Debug|Any CPU
		{625E1FD2-07E8-4AFE-A9E3-BAAF645C83A3}.Debug|Any CPU.Build.0 = Debug|Any CPU
		{625E1FD2-07E8-4AFE-A9E3-BAAF645C83A3}.Debug|Mixed Platforms.ActiveCfg = Debug|Any CPU
		{625E1FD2-07E8-4AFE-A9E3-BAAF645C83A3}.Debug|x86.ActiveCfg = Debug|Any CPU
		{625E1FD2-07E8-4AFE-A9E3-BAAF645C83A3}.Release|.NET.ActiveCfg = Release|Any CPU
		{625E1FD2-07E8-4AFE-A9E3-BAAF645C83A3}.Release|Any CPU.ActiveCfg = Release|Any CPU
		{625E1FD2-07E8-4AFE-A9E3-BAAF645C83A3}.Release|Any CPU.Build.0 = Release|Any CPU
		{625E1FD2-07E8-4AFE-A9E3-BAAF645C83A3}.Release|Mixed Platforms.ActiveCfg = Release|Any CPU
		{625E1FD2-07E8-4AFE-A9E3-BAAF645C83A3}.Release|Mixed Platforms.Build.0 = Release|Any CPU
		{625E1FD2-07E8-4AFE-A9E3-BAAF645C83A3}.Release|x86.ActiveCfg = Release|Any CPU
		{2F3DA424-3BEC-41CF-BC41-1809710FFE94}.Debug|.NET.ActiveCfg = Debug|Any CPU
		{2F3DA424-3BEC-41CF-BC41-1809710FFE94}.Debug|Any CPU.ActiveCfg = Debug|Any CPU
		{2F3DA424-3BEC-41CF-BC41-1809710FFE94}.Debug|Any CPU.Build.0 = Debug|Any CPU
		{2F3DA424-3BEC-41CF-BC41-1809710FFE94}.Debug|Mixed Platforms.ActiveCfg = Debug|Any CPU
		{2F3DA424-3BEC-41CF-BC41-1809710FFE94}.Debug|x86.ActiveCfg = Debug|Any CPU
		{2F3DA424-3BEC-41CF-BC41-1809710FFE94}.Release|.NET.ActiveCfg = Debug|Any CPU
		{2F3DA424-3BEC-41CF-BC41-1809710FFE94}.Release|Any CPU.ActiveCfg = Debug|Any CPU
		{2F3DA424-3BEC-41CF-BC41-1809710FFE94}.Release|Any CPU.Build.0 = Debug|Any CPU
		{2F3DA424-3BEC-41CF-BC41-1809710FFE94}.Release|Mixed Platforms.ActiveCfg = Debug|Any CPU
		{2F3DA424-3BEC-41CF-BC41-1809710FFE94}.Release|Mixed Platforms.Build.0 = Debug|Any CPU
		{2F3DA424-3BEC-41CF-BC41-1809710FFE94}.Release|x86.ActiveCfg = Debug|Any CPU
		{1597A548-A2AD-4226-A9A1-91EC0F0EFACA}.Debug|.NET.ActiveCfg = Debug|Any CPU
		{1597A548-A2AD-4226-A9A1-91EC0F0EFACA}.Debug|Any CPU.ActiveCfg = Debug|Any CPU
		{1597A548-A2AD-4226-A9A1-91EC0F0EFACA}.Debug|Any CPU.Build.0 = Debug|Any CPU
		{1597A548-A2AD-4226-A9A1-91EC0F0EFACA}.Debug|Mixed Platforms.ActiveCfg = Debug|Any CPU
		{1597A548-A2AD-4226-A9A1-91EC0F0EFACA}.Debug|x86.ActiveCfg = Debug|Any CPU
		{1597A548-A2AD-4226-A9A1-91EC0F0EFACA}.Release|.NET.ActiveCfg = Release|Any CPU
		{1597A548-A2AD-4226-A9A1-91EC0F0EFACA}.Release|Any CPU.ActiveCfg = Release|Any CPU
		{1597A548-A2AD-4226-A9A1-91EC0F0EFACA}.Release|Any CPU.Build.0 = Release|Any CPU
		{1597A548-A2AD-4226-A9A1-91EC0F0EFACA}.Release|Mixed Platforms.ActiveCfg = Release|Any CPU
		{1597A548-A2AD-4226-A9A1-91EC0F0EFACA}.Release|Mixed Platforms.Build.0 = Release|Any CPU
		{1597A548-A2AD-4226-A9A1-91EC0F0EFACA}.Release|x86.ActiveCfg = Release|Any CPU
		{DC873D0F-52C4-4335-8D2A-A5C4F4EF4CBC}.Debug|.NET.ActiveCfg = Debug|Any CPU
		{DC873D0F-52C4-4335-8D2A-A5C4F4EF4CBC}.Debug|Any CPU.ActiveCfg = Debug|Any CPU
		{DC873D0F-52C4-4335-8D2A-A5C4F4EF4CBC}.Debug|Any CPU.Build.0 = Debug|Any CPU
		{DC873D0F-52C4-4335-8D2A-A5C4F4EF4CBC}.Debug|Mixed Platforms.ActiveCfg = Debug|Any CPU
		{DC873D0F-52C4-4335-8D2A-A5C4F4EF4CBC}.Debug|Mixed Platforms.Build.0 = Debug|Any CPU
		{DC873D0F-52C4-4335-8D2A-A5C4F4EF4CBC}.Debug|x86.ActiveCfg = Debug|Any CPU
		{DC873D0F-52C4-4335-8D2A-A5C4F4EF4CBC}.Release|.NET.ActiveCfg = Release|Any CPU
		{DC873D0F-52C4-4335-8D2A-A5C4F4EF4CBC}.Release|Any CPU.ActiveCfg = Release|Any CPU
		{DC873D0F-52C4-4335-8D2A-A5C4F4EF4CBC}.Release|Any CPU.Build.0 = Release|Any CPU
		{DC873D0F-52C4-4335-8D2A-A5C4F4EF4CBC}.Release|Mixed Platforms.ActiveCfg = Release|Any CPU
		{DC873D0F-52C4-4335-8D2A-A5C4F4EF4CBC}.Release|Mixed Platforms.Build.0 = Release|Any CPU
		{DC873D0F-52C4-4335-8D2A-A5C4F4EF4CBC}.Release|x86.ActiveCfg = Release|Any CPU
		{10960BB2-48D8-490C-834A-C0BA99411C9B}.Debug|.NET.ActiveCfg = Debug|Any CPU
		{10960BB2-48D8-490C-834A-C0BA99411C9B}.Debug|Any CPU.ActiveCfg = Debug|Any CPU
		{10960BB2-48D8-490C-834A-C0BA99411C9B}.Debug|Any CPU.Build.0 = Debug|Any CPU
		{10960BB2-48D8-490C-834A-C0BA99411C9B}.Debug|Mixed Platforms.ActiveCfg = Debug|Any CPU
		{10960BB2-48D8-490C-834A-C0BA99411C9B}.Debug|Mixed Platforms.Build.0 = Debug|Any CPU
		{10960BB2-48D8-490C-834A-C0BA99411C9B}.Debug|x86.ActiveCfg = Debug|Any CPU
		{10960BB2-48D8-490C-834A-C0BA99411C9B}.Release|.NET.ActiveCfg = Release|Any CPU
		{10960BB2-48D8-490C-834A-C0BA99411C9B}.Release|Any CPU.ActiveCfg = Release|Any CPU
		{10960BB2-48D8-490C-834A-C0BA99411C9B}.Release|Any CPU.Build.0 = Release|Any CPU
		{10960BB2-48D8-490C-834A-C0BA99411C9B}.Release|Mixed Platforms.ActiveCfg = Release|Any CPU
		{10960BB2-48D8-490C-834A-C0BA99411C9B}.Release|Mixed Platforms.Build.0 = Release|Any CPU
		{10960BB2-48D8-490C-834A-C0BA99411C9B}.Release|x86.ActiveCfg = Release|Any CPU
		{F7F28867-5692-4371-9D45-B6D67DD91723}.Debug|.NET.ActiveCfg = Debug|Any CPU
		{F7F28867-5692-4371-9D45-B6D67DD91723}.Debug|Any CPU.ActiveCfg = Debug|Any CPU
		{F7F28867-5692-4371-9D45-B6D67DD91723}.Debug|Any CPU.Build.0 = Debug|Any CPU
		{F7F28867-5692-4371-9D45-B6D67DD91723}.Debug|Mixed Platforms.ActiveCfg = Debug|Any CPU
		{F7F28867-5692-4371-9D45-B6D67DD91723}.Debug|Mixed Platforms.Build.0 = Debug|Any CPU
		{F7F28867-5692-4371-9D45-B6D67DD91723}.Debug|x86.ActiveCfg = Debug|Any CPU
		{F7F28867-5692-4371-9D45-B6D67DD91723}.Release|.NET.ActiveCfg = Release|Any CPU
		{F7F28867-5692-4371-9D45-B6D67DD91723}.Release|Any CPU.ActiveCfg = Release|Any CPU
		{F7F28867-5692-4371-9D45-B6D67DD91723}.Release|Any CPU.Build.0 = Release|Any CPU
		{F7F28867-5692-4371-9D45-B6D67DD91723}.Release|Mixed Platforms.ActiveCfg = Release|Any CPU
		{F7F28867-5692-4371-9D45-B6D67DD91723}.Release|Mixed Platforms.Build.0 = Release|Any CPU
		{F7F28867-5692-4371-9D45-B6D67DD91723}.Release|x86.ActiveCfg = Release|Any CPU
		{CE5CE645-B0CE-463D-8574-041F4BC2FD6C}.Debug|.NET.ActiveCfg = Debug|Any CPU
		{CE5CE645-B0CE-463D-8574-041F4BC2FD6C}.Debug|Any CPU.ActiveCfg = Debug|Any CPU
		{CE5CE645-B0CE-463D-8574-041F4BC2FD6C}.Debug|Any CPU.Build.0 = Debug|Any CPU
		{CE5CE645-B0CE-463D-8574-041F4BC2FD6C}.Debug|Mixed Platforms.ActiveCfg = Debug|Any CPU
		{CE5CE645-B0CE-463D-8574-041F4BC2FD6C}.Debug|Mixed Platforms.Build.0 = Debug|Any CPU
		{CE5CE645-B0CE-463D-8574-041F4BC2FD6C}.Debug|x86.ActiveCfg = Debug|Any CPU
		{CE5CE645-B0CE-463D-8574-041F4BC2FD6C}.Release|.NET.ActiveCfg = Release|Any CPU
		{CE5CE645-B0CE-463D-8574-041F4BC2FD6C}.Release|Any CPU.ActiveCfg = Release|Any CPU
		{CE5CE645-B0CE-463D-8574-041F4BC2FD6C}.Release|Any CPU.Build.0 = Release|Any CPU
		{CE5CE645-B0CE-463D-8574-041F4BC2FD6C}.Release|Mixed Platforms.ActiveCfg = Release|Any CPU
		{CE5CE645-B0CE-463D-8574-041F4BC2FD6C}.Release|Mixed Platforms.Build.0 = Release|Any CPU
		{CE5CE645-B0CE-463D-8574-041F4BC2FD6C}.Release|x86.ActiveCfg = Release|Any CPU
		{B391A3F1-7341-4982-818C-C7380EF7AE2F}.Debug|.NET.ActiveCfg = Debug|Any CPU
		{B391A3F1-7341-4982-818C-C7380EF7AE2F}.Debug|Any CPU.ActiveCfg = Debug|Any CPU
		{B391A3F1-7341-4982-818C-C7380EF7AE2F}.Debug|Any CPU.Build.0 = Debug|Any CPU
		{B391A3F1-7341-4982-818C-C7380EF7AE2F}.Debug|Mixed Platforms.ActiveCfg = Debug|Any CPU
		{B391A3F1-7341-4982-818C-C7380EF7AE2F}.Debug|Mixed Platforms.Build.0 = Debug|Any CPU
		{B391A3F1-7341-4982-818C-C7380EF7AE2F}.Debug|x86.ActiveCfg = Debug|Any CPU
		{B391A3F1-7341-4982-818C-C7380EF7AE2F}.Release|.NET.ActiveCfg = Release|Any CPU
		{B391A3F1-7341-4982-818C-C7380EF7AE2F}.Release|Any CPU.ActiveCfg = Release|Any CPU
		{B391A3F1-7341-4982-818C-C7380EF7AE2F}.Release|Any CPU.Build.0 = Release|Any CPU
		{B391A3F1-7341-4982-818C-C7380EF7AE2F}.Release|Mixed Platforms.ActiveCfg = Release|Any CPU
		{B391A3F1-7341-4982-818C-C7380EF7AE2F}.Release|Mixed Platforms.Build.0 = Release|Any CPU
		{B391A3F1-7341-4982-818C-C7380EF7AE2F}.Release|x86.ActiveCfg = Release|Any CPU
		{4BDF0046-3176-450C-8CD5-A8EB42E8C39F}.Debug|.NET.ActiveCfg = Debug|Any CPU
		{4BDF0046-3176-450C-8CD5-A8EB42E8C39F}.Debug|Any CPU.ActiveCfg = Debug|Any CPU
		{4BDF0046-3176-450C-8CD5-A8EB42E8C39F}.Debug|Any CPU.Build.0 = Debug|Any CPU
		{4BDF0046-3176-450C-8CD5-A8EB42E8C39F}.Debug|Mixed Platforms.ActiveCfg = Debug|Any CPU
		{4BDF0046-3176-450C-8CD5-A8EB42E8C39F}.Debug|Mixed Platforms.Build.0 = Debug|Any CPU
		{4BDF0046-3176-450C-8CD5-A8EB42E8C39F}.Debug|x86.ActiveCfg = Debug|Any CPU
		{4BDF0046-3176-450C-8CD5-A8EB42E8C39F}.Release|.NET.ActiveCfg = Release|Any CPU
		{4BDF0046-3176-450C-8CD5-A8EB42E8C39F}.Release|Any CPU.ActiveCfg = Release|Any CPU
		{4BDF0046-3176-450C-8CD5-A8EB42E8C39F}.Release|Any CPU.Build.0 = Release|Any CPU
		{4BDF0046-3176-450C-8CD5-A8EB42E8C39F}.Release|Mixed Platforms.ActiveCfg = Release|Any CPU
		{4BDF0046-3176-450C-8CD5-A8EB42E8C39F}.Release|Mixed Platforms.Build.0 = Release|Any CPU
		{4BDF0046-3176-450C-8CD5-A8EB42E8C39F}.Release|x86.ActiveCfg = Release|Any CPU
		{10DCF48C-ECE8-402D-B02F-F03E6C285117}.Debug|.NET.ActiveCfg = Debug|Any CPU
		{10DCF48C-ECE8-402D-B02F-F03E6C285117}.Debug|Any CPU.ActiveCfg = Debug|Any CPU
		{10DCF48C-ECE8-402D-B02F-F03E6C285117}.Debug|Any CPU.Build.0 = Debug|Any CPU
		{10DCF48C-ECE8-402D-B02F-F03E6C285117}.Debug|Mixed Platforms.ActiveCfg = Debug|Any CPU
		{10DCF48C-ECE8-402D-B02F-F03E6C285117}.Debug|Mixed Platforms.Build.0 = Debug|Any CPU
		{10DCF48C-ECE8-402D-B02F-F03E6C285117}.Debug|x86.ActiveCfg = Debug|Any CPU
		{10DCF48C-ECE8-402D-B02F-F03E6C285117}.Release|.NET.ActiveCfg = Release|Any CPU
		{10DCF48C-ECE8-402D-B02F-F03E6C285117}.Release|Any CPU.ActiveCfg = Release|Any CPU
		{10DCF48C-ECE8-402D-B02F-F03E6C285117}.Release|Any CPU.Build.0 = Release|Any CPU
		{10DCF48C-ECE8-402D-B02F-F03E6C285117}.Release|Mixed Platforms.ActiveCfg = Release|Any CPU
		{10DCF48C-ECE8-402D-B02F-F03E6C285117}.Release|Mixed Platforms.Build.0 = Release|Any CPU
		{10DCF48C-ECE8-402D-B02F-F03E6C285117}.Release|x86.ActiveCfg = Release|Any CPU
		{5FD9E5BE-9FFA-48DE-A849-EF0343A288D1}.Debug|.NET.ActiveCfg = Debug|Any CPU
		{5FD9E5BE-9FFA-48DE-A849-EF0343A288D1}.Debug|Any CPU.ActiveCfg = Debug|Any CPU
		{5FD9E5BE-9FFA-48DE-A849-EF0343A288D1}.Debug|Any CPU.Build.0 = Debug|Any CPU
		{5FD9E5BE-9FFA-48DE-A849-EF0343A288D1}.Debug|Mixed Platforms.ActiveCfg = Debug|Any CPU
		{5FD9E5BE-9FFA-48DE-A849-EF0343A288D1}.Debug|Mixed Platforms.Build.0 = Debug|Any CPU
		{5FD9E5BE-9FFA-48DE-A849-EF0343A288D1}.Debug|x86.ActiveCfg = Debug|Any CPU
		{5FD9E5BE-9FFA-48DE-A849-EF0343A288D1}.Release|.NET.ActiveCfg = Release|Any CPU
		{5FD9E5BE-9FFA-48DE-A849-EF0343A288D1}.Release|Any CPU.ActiveCfg = Release|Any CPU
		{5FD9E5BE-9FFA-48DE-A849-EF0343A288D1}.Release|Any CPU.Build.0 = Release|Any CPU
		{5FD9E5BE-9FFA-48DE-A849-EF0343A288D1}.Release|Mixed Platforms.ActiveCfg = Release|Any CPU
		{5FD9E5BE-9FFA-48DE-A849-EF0343A288D1}.Release|Mixed Platforms.Build.0 = Release|Any CPU
		{5FD9E5BE-9FFA-48DE-A849-EF0343A288D1}.Release|x86.ActiveCfg = Release|Any CPU
		{A8F1EECC-A068-46A7-9066-BEE2B6C50C34}.Debug|.NET.ActiveCfg = Debug|Any CPU
		{A8F1EECC-A068-46A7-9066-BEE2B6C50C34}.Debug|Any CPU.ActiveCfg = Debug|Any CPU
		{A8F1EECC-A068-46A7-9066-BEE2B6C50C34}.Debug|Any CPU.Build.0 = Debug|Any CPU
		{A8F1EECC-A068-46A7-9066-BEE2B6C50C34}.Debug|Mixed Platforms.ActiveCfg = Debug|Any CPU
		{A8F1EECC-A068-46A7-9066-BEE2B6C50C34}.Debug|Mixed Platforms.Build.0 = Debug|Any CPU
		{A8F1EECC-A068-46A7-9066-BEE2B6C50C34}.Debug|x86.ActiveCfg = Debug|Any CPU
		{A8F1EECC-A068-46A7-9066-BEE2B6C50C34}.Release|.NET.ActiveCfg = Release|Any CPU
		{A8F1EECC-A068-46A7-9066-BEE2B6C50C34}.Release|Any CPU.ActiveCfg = Release|Any CPU
		{A8F1EECC-A068-46A7-9066-BEE2B6C50C34}.Release|Any CPU.Build.0 = Release|Any CPU
		{A8F1EECC-A068-46A7-9066-BEE2B6C50C34}.Release|Mixed Platforms.ActiveCfg = Release|Any CPU
		{A8F1EECC-A068-46A7-9066-BEE2B6C50C34}.Release|Mixed Platforms.Build.0 = Release|Any CPU
		{A8F1EECC-A068-46A7-9066-BEE2B6C50C34}.Release|x86.ActiveCfg = Release|Any CPU
		{5D4DA0F4-4D7B-4D98-AD84-D61E723A9618}.Debug|.NET.ActiveCfg = Debug|Any CPU
		{5D4DA0F4-4D7B-4D98-AD84-D61E723A9618}.Debug|Any CPU.ActiveCfg = Debug|Any CPU
		{5D4DA0F4-4D7B-4D98-AD84-D61E723A9618}.Debug|Any CPU.Build.0 = Debug|Any CPU
		{5D4DA0F4-4D7B-4D98-AD84-D61E723A9618}.Debug|Mixed Platforms.ActiveCfg = Debug|Any CPU
		{5D4DA0F4-4D7B-4D98-AD84-D61E723A9618}.Debug|Mixed Platforms.Build.0 = Debug|Any CPU
		{5D4DA0F4-4D7B-4D98-AD84-D61E723A9618}.Debug|x86.ActiveCfg = Debug|Any CPU
		{5D4DA0F4-4D7B-4D98-AD84-D61E723A9618}.Release|.NET.ActiveCfg = Release|Any CPU
		{5D4DA0F4-4D7B-4D98-AD84-D61E723A9618}.Release|Any CPU.ActiveCfg = Release|Any CPU
		{5D4DA0F4-4D7B-4D98-AD84-D61E723A9618}.Release|Any CPU.Build.0 = Release|Any CPU
		{5D4DA0F4-4D7B-4D98-AD84-D61E723A9618}.Release|Mixed Platforms.ActiveCfg = Release|Any CPU
		{5D4DA0F4-4D7B-4D98-AD84-D61E723A9618}.Release|Mixed Platforms.Build.0 = Release|Any CPU
		{5D4DA0F4-4D7B-4D98-AD84-D61E723A9618}.Release|x86.ActiveCfg = Release|Any CPU
		{719FB36B-A472-4D5C-97D4-804AE9063732}.Debug|.NET.ActiveCfg = Debug|Any CPU
		{719FB36B-A472-4D5C-97D4-804AE9063732}.Debug|Any CPU.ActiveCfg = Debug|Any CPU
		{719FB36B-A472-4D5C-97D4-804AE9063732}.Debug|Any CPU.Build.0 = Debug|Any CPU
		{719FB36B-A472-4D5C-97D4-804AE9063732}.Debug|Mixed Platforms.ActiveCfg = Debug|Any CPU
		{719FB36B-A472-4D5C-97D4-804AE9063732}.Debug|Mixed Platforms.Build.0 = Debug|Any CPU
		{719FB36B-A472-4D5C-97D4-804AE9063732}.Debug|x86.ActiveCfg = Debug|Any CPU
		{719FB36B-A472-4D5C-97D4-804AE9063732}.Release|.NET.ActiveCfg = Release|Any CPU
		{719FB36B-A472-4D5C-97D4-804AE9063732}.Release|Any CPU.ActiveCfg = Release|Any CPU
		{719FB36B-A472-4D5C-97D4-804AE9063732}.Release|Any CPU.Build.0 = Release|Any CPU
		{719FB36B-A472-4D5C-97D4-804AE9063732}.Release|Mixed Platforms.ActiveCfg = Release|Any CPU
		{719FB36B-A472-4D5C-97D4-804AE9063732}.Release|Mixed Platforms.Build.0 = Release|Any CPU
		{719FB36B-A472-4D5C-97D4-804AE9063732}.Release|x86.ActiveCfg = Release|Any CPU
		{79485D57-FA01-4A03-AAE1-28C48E9EB402}.Debug|.NET.ActiveCfg = Debug|Any CPU
		{79485D57-FA01-4A03-AAE1-28C48E9EB402}.Debug|Any CPU.ActiveCfg = Debug|Any CPU
		{79485D57-FA01-4A03-AAE1-28C48E9EB402}.Debug|Any CPU.Build.0 = Debug|Any CPU
		{79485D57-FA01-4A03-AAE1-28C48E9EB402}.Debug|Mixed Platforms.ActiveCfg = Debug|Any CPU
		{79485D57-FA01-4A03-AAE1-28C48E9EB402}.Debug|Mixed Platforms.Build.0 = Debug|Any CPU
		{79485D57-FA01-4A03-AAE1-28C48E9EB402}.Debug|x86.ActiveCfg = Debug|Any CPU
		{79485D57-FA01-4A03-AAE1-28C48E9EB402}.Release|.NET.ActiveCfg = Release|Any CPU
		{79485D57-FA01-4A03-AAE1-28C48E9EB402}.Release|Any CPU.ActiveCfg = Release|Any CPU
		{79485D57-FA01-4A03-AAE1-28C48E9EB402}.Release|Any CPU.Build.0 = Release|Any CPU
		{79485D57-FA01-4A03-AAE1-28C48E9EB402}.Release|Mixed Platforms.ActiveCfg = Release|Any CPU
		{79485D57-FA01-4A03-AAE1-28C48E9EB402}.Release|Mixed Platforms.Build.0 = Release|Any CPU
		{79485D57-FA01-4A03-AAE1-28C48E9EB402}.Release|x86.ActiveCfg = Release|Any CPU
	EndGlobalSection
	GlobalSection(SolutionProperties) = preSolution
		HideSolutionNode = FALSE
	EndGlobalSection
	GlobalSection(NestedProjects) = preSolution
		{EE3C76DE-ADB8-4736-8CB3-7B4FD8B8BD96} = {FF114F31-C268-443B-B306-34968D4EA68F}
		{FF52C4DE-6EC1-4F37-8735-EF45F1421CD4} = {0EAAC4A5-11FB-41ED-B145-7ED245E1B091}
		{8063DF1D-1C4F-4239-AE5A-DFFF3A82147F} = {0EAAC4A5-11FB-41ED-B145-7ED245E1B091}
		{225DA93E-1324-4FC3-BA04-AD7A01CBB4A6} = {0EAAC4A5-11FB-41ED-B145-7ED245E1B091}
		{CE5CE645-B0CE-463D-8574-041F4BC2FD6C} = {0EAAC4A5-11FB-41ED-B145-7ED245E1B091}
		{A8F1EECC-A068-46A7-9066-BEE2B6C50C34} = {0EAAC4A5-11FB-41ED-B145-7ED245E1B091}
		{22CFCE15-C9F8-4016-8A79-50E92E2E21F7} = {63294EFD-4D57-4655-AEAA-A0EC7EB5FFED}
		{B391A3F1-7341-4982-818C-C7380EF7AE2F} = {63294EFD-4D57-4655-AEAA-A0EC7EB5FFED}
		{5FD9E5BE-9FFA-48DE-A849-EF0343A288D1} = {63294EFD-4D57-4655-AEAA-A0EC7EB5FFED}
		{719FB36B-A472-4D5C-97D4-804AE9063732} = {63294EFD-4D57-4655-AEAA-A0EC7EB5FFED}
		{9B878BF9-CB97-4B2E-8F77-2B9F938CF60A} = {178AF9B5-659C-408A-86DF-954C654DE74B}
		{10DCF48C-ECE8-402D-B02F-F03E6C285117} = {178AF9B5-659C-408A-86DF-954C654DE74B}
		{79485D57-FA01-4A03-AAE1-28C48E9EB402} = {178AF9B5-659C-408A-86DF-954C654DE74B}
		{625E1FD2-07E8-4AFE-A9E3-BAAF645C83A3} = {7CED9F15-F5B4-4448-818D-AA7296ECF36F}
		{2F3DA424-3BEC-41CF-BC41-1809710FFE94} = {208036B1-2CDF-4D44-BABC-8178F3B1A319}
		{1597A548-A2AD-4226-A9A1-91EC0F0EFACA} = {8D2F0532-8151-4482-97C8-641696ACB730}
		{DC873D0F-52C4-4335-8D2A-A5C4F4EF4CBC} = {8D2F0532-8151-4482-97C8-641696ACB730}
		{10960BB2-48D8-490C-834A-C0BA99411C9B} = {43D69F4D-037A-45BC-A056-AF885EF2B3D8}
		{4BDF0046-3176-450C-8CD5-A8EB42E8C39F} = {82AC68AE-0B51-4D99-9D5B-F7F4B0B78D1E}
		{5D4DA0F4-4D7B-4D98-AD84-D61E723A9618} = {82AC68AE-0B51-4D99-9D5B-F7F4B0B78D1E}
	EndGlobalSection
EndGlobal
